
Microsoft Visual Studio Solution File, Format Version 12.00
# Visual Studio Version 17
VisualStudioVersion = 17.1.32407.343
MinimumVisualStudioVersion = 10.0.40219.1
Project("{FAE04EC0-301F-11D3-BF4B-00C04F79EFBC}") = "Northwind.BLL", "Northwind.BLL\Northwind.BLL.csproj", "{67B9B054-954C-4F09-9B3E-60257CF7FB23}"
EndProject
Project("{9A19103F-16F7-4668-BE54-9A1E7A4F7556}") = "Northwind.BLL.Tests", "..\Northwind\Northwind.BLL.Tests\Northwind.BLL.Tests.csproj", "{FFFEEB60-F168-4664-96FA-6FAC0A84B3E6}"
EndProject
Global
	GlobalSection(SolutionConfigurationPlatforms) = preSolution
		Debug|Any CPU = Debug|Any CPU
		Release|Any CPU = Release|Any CPU
	EndGlobalSection
	GlobalSection(ProjectConfigurationPlatforms) = postSolution
		{67B9B054-954C-4F09-9B3E-60257CF7FB23}.Debug|Any CPU.ActiveCfg = Debug|Any CPU
		{67B9B054-954C-4F09-9B3E-60257CF7FB23}.Debug|Any CPU.Build.0 = Debug|Any CPU
		{67B9B054-954C-4F09-9B3E-60257CF7FB23}.Release|Any CPU.ActiveCfg = Release|Any CPU
		{67B9B054-954C-4F09-9B3E-60257CF7FB23}.Release|Any CPU.Build.0 = Release|Any CPU
		{FFFEEB60-F168-4664-96FA-6FAC0A84B3E6}.Debug|Any CPU.ActiveCfg = Debug|Any CPU
		{FFFEEB60-F168-4664-96FA-6FAC0A84B3E6}.Debug|Any CPU.Build.0 = Debug|Any CPU
		{FFFEEB60-F168-4664-96FA-6FAC0A84B3E6}.Release|Any CPU.ActiveCfg = Release|Any CPU
		{FFFEEB60-F168-4664-96FA-6FAC0A84B3E6}.Release|Any CPU.Build.0 = Release|Any CPU
	EndGlobalSection
	GlobalSection(SolutionProperties) = preSolution
		HideSolutionNode = FALSE
	EndGlobalSection
	GlobalSection(ExtensibilityGlobals) = postSolution
		SolutionGuid = {E0AC6E09-1AE3-48C0-974F-32BBA3F581F5}
	EndGlobalSection
EndGlobal
